
Microsoft Visual Studio Solution File, Format Version 12.00
# Visual Studio Version 17
VisualStudioVersion = 17.2.32630.192
MinimumVisualStudioVersion = 10.0.40219.1
Project("{FAE04EC0-301F-11D3-BF4B-00C04F79EFBC}") = "MahatmaJyotibaPhuleBuldana", "MahatmaJyotibaPhuleBuldana.csproj", "{7DEB1F17-3834-4275-B057-93B56C0C380B}"
EndProject
Project("{FAE04EC0-301F-11D3-BF4B-00C04F79EFBC}") = "MahatmaJyotibaPhuleBuldana.Data", "..\MahatmaJyotibaPhuleBuldana.Data\MahatmaJyotibaPhuleBuldana.Data.csproj", "{37A8F64E-B3C1-4A0D-AD97-8DB603D27BE7}"
EndProject
Global
	GlobalSection(SolutionConfigurationPlatforms) = preSolution
		Debug|Any CPU = Debug|Any CPU
		Release|Any CPU = Release|Any CPU
	EndGlobalSection
	GlobalSection(ProjectConfigurationPlatforms) = postSolution
		{7DEB1F17-3834-4275-B057-93B56C0C380B}.Debug|Any CPU.ActiveCfg = Debug|Any CPU
		{7DEB1F17-3834-4275-B057-93B56C0C380B}.Debug|Any CPU.Build.0 = Debug|Any CPU
		{7DEB1F17-3834-4275-B057-93B56C0C380B}.Release|Any CPU.ActiveCfg = Release|Any CPU
		{7DEB1F17-3834-4275-B057-93B56C0C380B}.Release|Any CPU.Build.0 = Release|Any CPU
		{37A8F64E-B3C1-4A0D-AD97-8DB603D27BE7}.Debug|Any CPU.ActiveCfg = Debug|Any CPU
		{37A8F64E-B3C1-4A0D-AD97-8DB603D27BE7}.Debug|Any CPU.Build.0 = Debug|Any CPU
		{37A8F64E-B3C1-4A0D-AD97-8DB603D27BE7}.Release|Any CPU.ActiveCfg = Release|Any CPU
		{37A8F64E-B3C1-4A0D-AD97-8DB603D27BE7}.Release|Any CPU.Build.0 = Release|Any CPU
	EndGlobalSection
	GlobalSection(SolutionProperties) = preSolution
		HideSolutionNode = FALSE
	EndGlobalSection
	GlobalSection(ExtensibilityGlobals) = postSolution
		SolutionGuid = {D9DCCC35-C2E3-4326-A73F-53A3B944A5D3}
	EndGlobalSection
EndGlobal
